// !$*UTF8*$!
{
	archiveVersion = 1;
	classes = {
	};
	objectVersion = 55;
	objects = {

/* Begin PBXBuildFile section */
		D044D83F2802831F000BF747 /* QuakeError.swift in Sources */ = {isa = PBXBuildFile; fileRef = D044D83D2802831F000BF747 /* QuakeError.swift */; };
		D044D8402802831F000BF747 /* Quake.swift in Sources */ = {isa = PBXBuildFile; fileRef = D044D83E2802831F000BF747 /* Quake.swift */; };
		D0A164C927E0FCAD00C5A404 /* AppDelegate.swift in Sources */ = {isa = PBXBuildFile; fileRef = D0A164C827E0FCAD00C5A404 /* AppDelegate.swift */; };
		D0A164CB27E0FCAD00C5A404 /* SceneDelegate.swift in Sources */ = {isa = PBXBuildFile; fileRef = D0A164CA27E0FCAD00C5A404 /* SceneDelegate.swift */; };
		D0A164CD27E0FCAD00C5A404 /* ViewController.swift in Sources */ = {isa = PBXBuildFile; fileRef = D0A164CC27E0FCAD00C5A404 /* ViewController.swift */; };
		D0A164D027E0FCAD00C5A404 /* Main.storyboard in Resources */ = {isa = PBXBuildFile; fileRef = D0A164CE27E0FCAD00C5A404 /* Main.storyboard */; };
		D0A164D327E0FCAD00C5A404 /* ML.xcdatamodeld in Sources */ = {isa = PBXBuildFile; fileRef = D0A164D127E0FCAD00C5A404 /* ML.xcdatamodeld */; };
		D0A164D527E0FCB100C5A404 /* Assets.xcassets in Resources */ = {isa = PBXBuildFile; fileRef = D0A164D427E0FCB100C5A404 /* Assets.xcassets */; };
		D0A164D827E0FCB100C5A404 /* LaunchScreen.storyboard in Resources */ = {isa = PBXBuildFile; fileRef = D0A164D627E0FCB100C5A404 /* LaunchScreen.storyboard */; };
		D0A1650F27E0FD4100C5A404 /* LaunchScreen.storyboard in Resources */ = {isa = PBXBuildFile; fileRef = D0A164E027E0FD4100C5A404 /* LaunchScreen.storyboard */; };
		D0A1651027E0FD4100C5A404 /* Main.storyboard in Resources */ = {isa = PBXBuildFile; fileRef = D0A164E227E0FD4100C5A404 /* Main.storyboard */; };
		D0A1651127E0FD4100C5A404 /* AppDelegate+CoreData.swift in Sources */ = {isa = PBXBuildFile; fileRef = D0A164E427E0FD4100C5A404 /* AppDelegate+CoreData.swift */; };
		D0A1651227E0FD4100C5A404 /* File.txt in Resources */ = {isa = PBXBuildFile; fileRef = D0A164E627E0FD4100C5A404 /* File.txt */; };
		D0A1651327E0FD4100C5A404 /* UC_AddASingleRecordThenSave.wsd in Resources */ = {isa = PBXBuildFile; fileRef = D0A164E727E0FD4100C5A404 /* UC_AddASingleRecordThenSave.wsd */; };
		D0A1651427E0FD4100C5A404 /* CoreData.wsd in Resources */ = {isa = PBXBuildFile; fileRef = D0A164E827E0FD4100C5A404 /* CoreData.wsd */; };
		D0A1651527E0FD4100C5A404 /* ProductTagger.mlkitmodel in Sources */ = {isa = PBXBuildFile; fileRef = D0A164E927E0FD4100C5A404 /* ProductTagger.mlkitmodel */; };
		D0A1651627E0FD4100C5A404 /* Localized.strings in Resources */ = {isa = PBXBuildFile; fileRef = D0A164EB27E0FD4100C5A404 /* Localized.strings */; };
		D0A1651727E0FD4100C5A404 /* Localizable.strings in Resources */ = {isa = PBXBuildFile; fileRef = D0A164ED27E0FD4100C5A404 /* Localizable.strings */; };
		D0A1651827E0FD4100C5A404 /* ingredientsCosmetic.json in Resources */ = {isa = PBXBuildFile; fileRef = D0A164F027E0FD4100C5A404 /* ingredientsCosmetic.json */; };
		D0A1651927E0FD4100C5A404 /* Products.json in Resources */ = {isa = PBXBuildFile; fileRef = D0A164F127E0FD4100C5A404 /* Products.json */; };
		D0A1651A27E0FD4100C5A404 /* ML.xcdatamodeld in Sources */ = {isa = PBXBuildFile; fileRef = D0A164F227E0FD4100C5A404 /* ML.xcdatamodeld */; };
		D0A1651B27E0FD4100C5A404 /* Cosmetic.xcdatamodeld in Sources */ = {isa = PBXBuildFile; fileRef = D0A164F427E0FD4100C5A404 /* Cosmetic.xcdatamodeld */; };
		D0A1651C27E0FD4100C5A404 /* MVVM.wsd in Resources */ = {isa = PBXBuildFile; fileRef = D0A164F727E0FD4100C5A404 /* MVVM.wsd */; };
		D0A1651D27E0FD4100C5A404 /* ListIngredientsVM.swift in Sources */ = {isa = PBXBuildFile; fileRef = D0A164FA27E0FD4100C5A404 /* ListIngredientsVM.swift */; };
		D0A1651E27E0FD4100C5A404 /* ListIngredientsRepo.swift in Sources */ = {isa = PBXBuildFile; fileRef = D0A164FB27E0FD4100C5A404 /* ListIngredientsRepo.swift */; };
		D0A1651F27E0FD4100C5A404 /* ListIngredientsVC.swift in Sources */ = {isa = PBXBuildFile; fileRef = D0A164FC27E0FD4100C5A404 /* ListIngredientsVC.swift */; };
		D0A1652027E0FD4100C5A404 /* Assets.xcassets in Resources */ = {isa = PBXBuildFile; fileRef = D0A164FD27E0FD4100C5A404 /* Assets.xcassets */; };
		D0A1652127E0FD4100C5A404 /* CosmeticIngredients+CoreDataClass.swift in Sources */ = {isa = PBXBuildFile; fileRef = D0A1650027E0FD4100C5A404 /* CosmeticIngredients+CoreDataClass.swift */; };
		D0A1652227E0FD4100C5A404 /* Bundle+CoreData.swift in Sources */ = {isa = PBXBuildFile; fileRef = D0A1650127E0FD4100C5A404 /* Bundle+CoreData.swift */; };
		D0A1652327E0FD4100C5A404 /* CoreDataStack.swift in Sources */ = {isa = PBXBuildFile; fileRef = D0A1650227E0FD4100C5A404 /* CoreDataStack.swift */; };
		D0A1652427E0FD4100C5A404 /* DomainModels.swift in Sources */ = {isa = PBXBuildFile; fileRef = D0A1650327E0FD4100C5A404 /* DomainModels.swift */; };
		D0A1652527E0FD4100C5A404 /* NSManagedObjectContext+Extension.swift in Sources */ = {isa = PBXBuildFile; fileRef = D0A1650427E0FD4100C5A404 /* NSManagedObjectContext+Extension.swift */; };
		D0A1652627E0FD4100C5A404 /* ListIngredientsCD.swift in Sources */ = {isa = PBXBuildFile; fileRef = D0A1650527E0FD4100C5A404 /* ListIngredientsCD.swift */; };
		D0A1652727E0FD4100C5A404 /* Array+CoreData.swift in Sources */ = {isa = PBXBuildFile; fileRef = D0A1650627E0FD4100C5A404 /* Array+CoreData.swift */; };
		D0A1652827E0FD4100C5A404 /* JSONObject+CoreData.swift in Sources */ = {isa = PBXBuildFile; fileRef = D0A1650727E0FD4100C5A404 /* JSONObject+CoreData.swift */; };
		D0A1652927E0FD4100C5A404 /* URL+Extension.swift in Sources */ = {isa = PBXBuildFile; fileRef = D0A1650827E0FD4100C5A404 /* URL+Extension.swift */; };
		D0A1652A27E0FD4100C5A404 /* Error+CoreData.swift in Sources */ = {isa = PBXBuildFile; fileRef = D0A1650927E0FD4100C5A404 /* Error+CoreData.swift */; };
		D0A1652B27E0FD4100C5A404 /* JSONSerialization+Extension.swift in Sources */ = {isa = PBXBuildFile; fileRef = D0A1650A27E0FD4100C5A404 /* JSONSerialization+Extension.swift */; };
		D0A1652C27E0FD4100C5A404 /* CosmeticIngredients+CoreDataProperties.swift in Sources */ = {isa = PBXBuildFile; fileRef = D0A1650B27E0FD4100C5A404 /* CosmeticIngredients+CoreDataProperties.swift */; };
		D0A1652D27E0FD4100C5A404 /* JSONEncoder+CoreData.swift in Sources */ = {isa = PBXBuildFile; fileRef = D0A1650C27E0FD4100C5A404 /* JSONEncoder+CoreData.swift */; };
		D0A1652E27E0FD4100C5A404 /* WebService.swift in Sources */ = {isa = PBXBuildFile; fileRef = D0A1650E27E0FD4100C5A404 /* WebService.swift */; };
		D0D495EC2801C1BB00F9A9BE /* AppDelegate.swift in Sources */ = {isa = PBXBuildFile; fileRef = D0D495EB2801C1BB00F9A9BE /* AppDelegate.swift */; };
		D0D495EE2801C1BB00F9A9BE /* SceneDelegate.swift in Sources */ = {isa = PBXBuildFile; fileRef = D0D495ED2801C1BB00F9A9BE /* SceneDelegate.swift */; };
		D0D495F02801C1BB00F9A9BE /* ViewController.swift in Sources */ = {isa = PBXBuildFile; fileRef = D0D495EF2801C1BB00F9A9BE /* ViewController.swift */; };
		D0D495F32801C1BB00F9A9BE /* Main.storyboard in Resources */ = {isa = PBXBuildFile; fileRef = D0D495F12801C1BB00F9A9BE /* Main.storyboard */; };
		D0D495F62801C1BB00F9A9BE /* CoreDataTest.xcdatamodeld in Sources */ = {isa = PBXBuildFile; fileRef = D0D495F42801C1BB00F9A9BE /* CoreDataTest.xcdatamodeld */; };
		D0D495F82801C1BE00F9A9BE /* Assets.xcassets in Resources */ = {isa = PBXBuildFile; fileRef = D0D495F72801C1BE00F9A9BE /* Assets.xcassets */; };
		D0D495FB2801C1BE00F9A9BE /* LaunchScreen.storyboard in Resources */ = {isa = PBXBuildFile; fileRef = D0D495F92801C1BE00F9A9BE /* LaunchScreen.storyboard */; };
		D0D496062801C1BE00F9A9BE /* CoreDataTestTests.swift in Sources */ = {isa = PBXBuildFile; fileRef = D0D496052801C1BE00F9A9BE /* CoreDataTestTests.swift */; };
		D0D496102801C1BF00F9A9BE /* CoreDataTestUITests.swift in Sources */ = {isa = PBXBuildFile; fileRef = D0D4960F2801C1BF00F9A9BE /* CoreDataTestUITests.swift */; };
		D0D496122801C1BF00F9A9BE /* CoreDataTestUITestsLaunchTests.swift in Sources */ = {isa = PBXBuildFile; fileRef = D0D496112801C1BF00F9A9BE /* CoreDataTestUITestsLaunchTests.swift */; };
		D0D4961E2801D41700F9A9BE /* CoreDataManager.swift in Sources */ = {isa = PBXBuildFile; fileRef = D0D4961D2801D41700F9A9BE /* CoreDataManager.swift */; };
		D0D496202801D42C00F9A9BE /* CoreDataService.swift in Sources */ = {isa = PBXBuildFile; fileRef = D0D4961F2801D42C00F9A9BE /* CoreDataService.swift */; };
/* End PBXBuildFile section */

/* Begin PBXContainerItemProxy section */
		D0D496022801C1BE00F9A9BE /* PBXContainerItemProxy */ = {
			isa = PBXContainerItemProxy;
			containerPortal = D0A164BD27E0FCAC00C5A404 /* Project object */;
			proxyType = 1;
			remoteGlobalIDString = D0D495E82801C1BB00F9A9BE;
			remoteInfo = CoreDataTest;
		};
		D0D4960C2801C1BF00F9A9BE /* PBXContainerItemProxy */ = {
			isa = PBXContainerItemProxy;
			containerPortal = D0A164BD27E0FCAC00C5A404 /* Project object */;
			proxyType = 1;
			remoteGlobalIDString = D0D495E82801C1BB00F9A9BE;
			remoteInfo = CoreDataTest;
		};
/* End PBXContainerItemProxy section */

/* Begin PBXFileReference section */
		D044D83D2802831F000BF747 /* QuakeError.swift */ = {isa = PBXFileReference; fileEncoding = 4; lastKnownFileType = sourcecode.swift; path = QuakeError.swift; sourceTree = "<group>"; };
		D044D83E2802831F000BF747 /* Quake.swift */ = {isa = PBXFileReference; fileEncoding = 4; lastKnownFileType = sourcecode.swift; path = Quake.swift; sourceTree = "<group>"; };
		D0A164C527E0FCAD00C5A404 /* ML.app */ = {isa = PBXFileReference; explicitFileType = wrapper.application; includeInIndex = 0; path = ML.app; sourceTree = BUILT_PRODUCTS_DIR; };
		D0A164C827E0FCAD00C5A404 /* AppDelegate.swift */ = {isa = PBXFileReference; lastKnownFileType = sourcecode.swift; path = AppDelegate.swift; sourceTree = "<group>"; };
		D0A164CA27E0FCAD00C5A404 /* SceneDelegate.swift */ = {isa = PBXFileReference; lastKnownFileType = sourcecode.swift; path = SceneDelegate.swift; sourceTree = "<group>"; };
		D0A164CC27E0FCAD00C5A404 /* ViewController.swift */ = {isa = PBXFileReference; lastKnownFileType = sourcecode.swift; path = ViewController.swift; sourceTree = "<group>"; };
		D0A164CF27E0FCAD00C5A404 /* Base */ = {isa = PBXFileReference; lastKnownFileType = file.storyboard; name = Base; path = Base.lproj/Main.storyboard; sourceTree = "<group>"; };
		D0A164D227E0FCAD00C5A404 /* ML.xcdatamodel */ = {isa = PBXFileReference; lastKnownFileType = wrapper.xcdatamodel; path = ML.xcdatamodel; sourceTree = "<group>"; };
		D0A164D427E0FCB100C5A404 /* Assets.xcassets */ = {isa = PBXFileReference; lastKnownFileType = folder.assetcatalog; path = Assets.xcassets; sourceTree = "<group>"; };
		D0A164D727E0FCB100C5A404 /* Base */ = {isa = PBXFileReference; lastKnownFileType = file.storyboard; name = Base; path = Base.lproj/LaunchScreen.storyboard; sourceTree = "<group>"; };
		D0A164D927E0FCB100C5A404 /* Info.plist */ = {isa = PBXFileReference; lastKnownFileType = text.plist.xml; path = Info.plist; sourceTree = "<group>"; };
		D0A164E127E0FD4100C5A404 /* Base */ = {isa = PBXFileReference; lastKnownFileType = file.storyboard; name = Base; path = LaunchScreen.storyboard; sourceTree = "<group>"; };
		D0A164E327E0FD4100C5A404 /* Base */ = {isa = PBXFileReference; lastKnownFileType = file.storyboard; name = Base; path = Main.storyboard; sourceTree = "<group>"; };
		D0A164E427E0FD4100C5A404 /* AppDelegate+CoreData.swift */ = {isa = PBXFileReference; fileEncoding = 4; lastKnownFileType = sourcecode.swift; path = "AppDelegate+CoreData.swift"; sourceTree = "<group>"; };
		D0A164E627E0FD4100C5A404 /* File.txt */ = {isa = PBXFileReference; fileEncoding = 4; lastKnownFileType = text; path = File.txt; sourceTree = "<group>"; };
		D0A164E727E0FD4100C5A404 /* UC_AddASingleRecordThenSave.wsd */ = {isa = PBXFileReference; fileEncoding = 4; lastKnownFileType = text; path = UC_AddASingleRecordThenSave.wsd; sourceTree = "<group>"; };
		D0A164E827E0FD4100C5A404 /* CoreData.wsd */ = {isa = PBXFileReference; fileEncoding = 4; lastKnownFileType = text; path = CoreData.wsd; sourceTree = "<group>"; };
		D0A164E927E0FD4100C5A404 /* ProductTagger.mlkitmodel */ = {isa = PBXFileReference; lastKnownFileType = file.mlmodel; path = ProductTagger.mlkitmodel; sourceTree = "<group>"; };
		D0A164EC27E0FD4100C5A404 /* en */ = {isa = PBXFileReference; lastKnownFileType = text.plist.strings; name = en; path = en.lproj/Localized.strings; sourceTree = "<group>"; };
		D0A164EE27E0FD4100C5A404 /* en */ = {isa = PBXFileReference; lastKnownFileType = text.plist.strings; name = en; path = en.lproj/Localizable.strings; sourceTree = "<group>"; };
		D0A164EF27E0FD4100C5A404 /* vi */ = {isa = PBXFileReference; lastKnownFileType = text.plist.strings; name = vi; path = vi.lproj/Localizable.strings; sourceTree = "<group>"; };
		D0A164F027E0FD4100C5A404 /* ingredientsCosmetic.json */ = {isa = PBXFileReference; fileEncoding = 4; lastKnownFileType = text.json; path = ingredientsCosmetic.json; sourceTree = "<group>"; };
		D0A164F127E0FD4100C5A404 /* Products.json */ = {isa = PBXFileReference; fileEncoding = 4; lastKnownFileType = text.json; path = Products.json; sourceTree = "<group>"; };
		D0A164F327E0FD4100C5A404 /* ML.xcdatamodel */ = {isa = PBXFileReference; lastKnownFileType = wrapper.xcdatamodel; path = ML.xcdatamodel; sourceTree = "<group>"; };
		D0A164F527E0FD4100C5A404 /* Cosmetic.xcdatamodel */ = {isa = PBXFileReference; lastKnownFileType = wrapper.xcdatamodel; path = Cosmetic.xcdatamodel; sourceTree = "<group>"; };
		D0A164F727E0FD4100C5A404 /* MVVM.wsd */ = {isa = PBXFileReference; fileEncoding = 4; lastKnownFileType = text; path = MVVM.wsd; sourceTree = "<group>"; };
		D0A164FA27E0FD4100C5A404 /* ListIngredientsVM.swift */ = {isa = PBXFileReference; fileEncoding = 4; lastKnownFileType = sourcecode.swift; path = ListIngredientsVM.swift; sourceTree = "<group>"; };
		D0A164FB27E0FD4100C5A404 /* ListIngredientsRepo.swift */ = {isa = PBXFileReference; fileEncoding = 4; lastKnownFileType = sourcecode.swift; path = ListIngredientsRepo.swift; sourceTree = "<group>"; };
		D0A164FC27E0FD4100C5A404 /* ListIngredientsVC.swift */ = {isa = PBXFileReference; fileEncoding = 4; lastKnownFileType = sourcecode.swift; path = ListIngredientsVC.swift; sourceTree = "<group>"; };
		D0A164FD27E0FD4100C5A404 /* Assets.xcassets */ = {isa = PBXFileReference; lastKnownFileType = folder.assetcatalog; path = Assets.xcassets; sourceTree = "<group>"; };
		D0A1650027E0FD4100C5A404 /* CosmeticIngredients+CoreDataClass.swift */ = {isa = PBXFileReference; fileEncoding = 4; lastKnownFileType = sourcecode.swift; path = "CosmeticIngredients+CoreDataClass.swift"; sourceTree = "<group>"; };
		D0A1650127E0FD4100C5A404 /* Bundle+CoreData.swift */ = {isa = PBXFileReference; fileEncoding = 4; lastKnownFileType = sourcecode.swift; path = "Bundle+CoreData.swift"; sourceTree = "<group>"; };
		D0A1650227E0FD4100C5A404 /* CoreDataStack.swift */ = {isa = PBXFileReference; fileEncoding = 4; lastKnownFileType = sourcecode.swift; path = CoreDataStack.swift; sourceTree = "<group>"; };
		D0A1650327E0FD4100C5A404 /* DomainModels.swift */ = {isa = PBXFileReference; fileEncoding = 4; lastKnownFileType = sourcecode.swift; path = DomainModels.swift; sourceTree = "<group>"; };
		D0A1650427E0FD4100C5A404 /* NSManagedObjectContext+Extension.swift */ = {isa = PBXFileReference; fileEncoding = 4; lastKnownFileType = sourcecode.swift; path = "NSManagedObjectContext+Extension.swift"; sourceTree = "<group>"; };
		D0A1650527E0FD4100C5A404 /* ListIngredientsCD.swift */ = {isa = PBXFileReference; fileEncoding = 4; lastKnownFileType = sourcecode.swift; path = ListIngredientsCD.swift; sourceTree = "<group>"; };
		D0A1650627E0FD4100C5A404 /* Array+CoreData.swift */ = {isa = PBXFileReference; fileEncoding = 4; lastKnownFileType = sourcecode.swift; path = "Array+CoreData.swift"; sourceTree = "<group>"; };
		D0A1650727E0FD4100C5A404 /* JSONObject+CoreData.swift */ = {isa = PBXFileReference; fileEncoding = 4; lastKnownFileType = sourcecode.swift; path = "JSONObject+CoreData.swift"; sourceTree = "<group>"; };
		D0A1650827E0FD4100C5A404 /* URL+Extension.swift */ = {isa = PBXFileReference; fileEncoding = 4; lastKnownFileType = sourcecode.swift; path = "URL+Extension.swift"; sourceTree = "<group>"; };
		D0A1650927E0FD4100C5A404 /* Error+CoreData.swift */ = {isa = PBXFileReference; fileEncoding = 4; lastKnownFileType = sourcecode.swift; path = "Error+CoreData.swift"; sourceTree = "<group>"; };
		D0A1650A27E0FD4100C5A404 /* JSONSerialization+Extension.swift */ = {isa = PBXFileReference; fileEncoding = 4; lastKnownFileType = sourcecode.swift; path = "JSONSerialization+Extension.swift"; sourceTree = "<group>"; };
		D0A1650B27E0FD4100C5A404 /* CosmeticIngredients+CoreDataProperties.swift */ = {isa = PBXFileReference; fileEncoding = 4; lastKnownFileType = sourcecode.swift; path = "CosmeticIngredients+CoreDataProperties.swift"; sourceTree = "<group>"; };
		D0A1650C27E0FD4100C5A404 /* JSONEncoder+CoreData.swift */ = {isa = PBXFileReference; fileEncoding = 4; lastKnownFileType = sourcecode.swift; path = "JSONEncoder+CoreData.swift"; sourceTree = "<group>"; };
		D0A1650E27E0FD4100C5A404 /* WebService.swift */ = {isa = PBXFileReference; fileEncoding = 4; lastKnownFileType = sourcecode.swift; path = WebService.swift; sourceTree = "<group>"; };
		D0D495E92801C1BB00F9A9BE /* CoreDataTest.app */ = {isa = PBXFileReference; explicitFileType = wrapper.application; includeInIndex = 0; path = CoreDataTest.app; sourceTree = BUILT_PRODUCTS_DIR; };
		D0D495EB2801C1BB00F9A9BE /* AppDelegate.swift */ = {isa = PBXFileReference; lastKnownFileType = sourcecode.swift; path = AppDelegate.swift; sourceTree = "<group>"; };
		D0D495ED2801C1BB00F9A9BE /* SceneDelegate.swift */ = {isa = PBXFileReference; lastKnownFileType = sourcecode.swift; path = SceneDelegate.swift; sourceTree = "<group>"; };
		D0D495EF2801C1BB00F9A9BE /* ViewController.swift */ = {isa = PBXFileReference; lastKnownFileType = sourcecode.swift; path = ViewController.swift; sourceTree = "<group>"; };
		D0D495F22801C1BB00F9A9BE /* Base */ = {isa = PBXFileReference; lastKnownFileType = file.storyboard; name = Base; path = Base.lproj/Main.storyboard; sourceTree = "<group>"; };
		D0D495F52801C1BB00F9A9BE /* CoreDataTest.xcdatamodel */ = {isa = PBXFileReference; lastKnownFileType = wrapper.xcdatamodel; path = CoreDataTest.xcdatamodel; sourceTree = "<group>"; };
		D0D495F72801C1BE00F9A9BE /* Assets.xcassets */ = {isa = PBXFileReference; lastKnownFileType = folder.assetcatalog; path = Assets.xcassets; sourceTree = "<group>"; };
		D0D495FA2801C1BE00F9A9BE /* Base */ = {isa = PBXFileReference; lastKnownFileType = file.storyboard; name = Base; path = Base.lproj/LaunchScreen.storyboard; sourceTree = "<group>"; };
		D0D495FC2801C1BE00F9A9BE /* Info.plist */ = {isa = PBXFileReference; lastKnownFileType = text.plist.xml; path = Info.plist; sourceTree = "<group>"; };
		D0D496012801C1BE00F9A9BE /* CoreDataTestTests.xctest */ = {isa = PBXFileReference; explicitFileType = wrapper.cfbundle; includeInIndex = 0; path = CoreDataTestTests.xctest; sourceTree = BUILT_PRODUCTS_DIR; };
		D0D496052801C1BE00F9A9BE /* CoreDataTestTests.swift */ = {isa = PBXFileReference; lastKnownFileType = sourcecode.swift; path = CoreDataTestTests.swift; sourceTree = "<group>"; };
		D0D4960B2801C1BE00F9A9BE /* CoreDataTestUITests.xctest */ = {isa = PBXFileReference; explicitFileType = wrapper.cfbundle; includeInIndex = 0; path = CoreDataTestUITests.xctest; sourceTree = BUILT_PRODUCTS_DIR; };
		D0D4960F2801C1BF00F9A9BE /* CoreDataTestUITests.swift */ = {isa = PBXFileReference; lastKnownFileType = sourcecode.swift; path = CoreDataTestUITests.swift; sourceTree = "<group>"; };
		D0D496112801C1BF00F9A9BE /* CoreDataTestUITestsLaunchTests.swift */ = {isa = PBXFileReference; lastKnownFileType = sourcecode.swift; path = CoreDataTestUITestsLaunchTests.swift; sourceTree = "<group>"; };
		D0D4961D2801D41700F9A9BE /* CoreDataManager.swift */ = {isa = PBXFileReference; lastKnownFileType = sourcecode.swift; path = CoreDataManager.swift; sourceTree = "<group>"; };
		D0D4961F2801D42C00F9A9BE /* CoreDataService.swift */ = {isa = PBXFileReference; lastKnownFileType = sourcecode.swift; path = CoreDataService.swift; sourceTree = "<group>"; };
/* End PBXFileReference section */

/* Begin PBXFrameworksBuildPhase section */
		D0A164C227E0FCAD00C5A404 /* Frameworks */ = {
			isa = PBXFrameworksBuildPhase;
			buildActionMask = 2147483647;
			files = (
			);
			runOnlyForDeploymentPostprocessing = 0;
		};
		D0D495E62801C1BB00F9A9BE /* Frameworks */ = {
			isa = PBXFrameworksBuildPhase;
			buildActionMask = 2147483647;
			files = (
			);
			runOnlyForDeploymentPostprocessing = 0;
		};
		D0D495FE2801C1BE00F9A9BE /* Frameworks */ = {
			isa = PBXFrameworksBuildPhase;
			buildActionMask = 2147483647;
			files = (
			);
			runOnlyForDeploymentPostprocessing = 0;
		};
		D0D496082801C1BE00F9A9BE /* Frameworks */ = {
			isa = PBXFrameworksBuildPhase;
			buildActionMask = 2147483647;
			files = (
			);
			runOnlyForDeploymentPostprocessing = 0;
		};
/* End PBXFrameworksBuildPhase section */

/* Begin PBXGroup section */
		D0A164BC27E0FCAC00C5A404 = {
			isa = PBXGroup;
			children = (
				D0A164C727E0FCAD00C5A404 /* ML */,
				D0D495EA2801C1BB00F9A9BE /* CoreDataTest */,
				D0D496042801C1BE00F9A9BE /* CoreDataTestTests */,
				D0D4960E2801C1BF00F9A9BE /* CoreDataTestUITests */,
				D0A164C627E0FCAD00C5A404 /* Products */,
			);
			sourceTree = "<group>";
		};
		D0A164C627E0FCAD00C5A404 /* Products */ = {
			isa = PBXGroup;
			children = (
				D0A164C527E0FCAD00C5A404 /* ML.app */,
				D0D495E92801C1BB00F9A9BE /* CoreDataTest.app */,
				D0D496012801C1BE00F9A9BE /* CoreDataTestTests.xctest */,
				D0D4960B2801C1BE00F9A9BE /* CoreDataTestUITests.xctest */,
			);
			name = Products;
			sourceTree = "<group>";
		};
		D0A164C727E0FCAD00C5A404 /* ML */ = {
			isa = PBXGroup;
			children = (
				D0A164E427E0FD4100C5A404 /* AppDelegate+CoreData.swift */,
				D0A164F627E0FD4100C5A404 /* Architecture */,
				D0A164FD27E0FD4100C5A404 /* Assets.xcassets */,
				D0A164DF27E0FD4100C5A404 /* Base.lproj */,
				D0A164F427E0FD4100C5A404 /* Cosmetic.xcdatamodeld */,
				D0A164F227E0FD4100C5A404 /* ML.xcdatamodeld */,
				D0A164FE27E0FD4100C5A404 /* Model */,
				D0A164E527E0FD4100C5A404 /* Resources */,
				D0A164F827E0FD4100C5A404 /* UI */,
				D0A164C827E0FCAD00C5A404 /* AppDelegate.swift */,
				D0A164CA27E0FCAD00C5A404 /* SceneDelegate.swift */,
				D0A164CC27E0FCAD00C5A404 /* ViewController.swift */,
				D0A164CE27E0FCAD00C5A404 /* Main.storyboard */,
				D0A164D427E0FCB100C5A404 /* Assets.xcassets */,
				D0A164D627E0FCB100C5A404 /* LaunchScreen.storyboard */,
				D0A164D927E0FCB100C5A404 /* Info.plist */,
				D0A164D127E0FCAD00C5A404 /* ML.xcdatamodeld */,
			);
			path = ML;
			sourceTree = "<group>";
		};
		D0A164DF27E0FD4100C5A404 /* Base.lproj */ = {
			isa = PBXGroup;
			children = (
				D0A164E027E0FD4100C5A404 /* LaunchScreen.storyboard */,
				D0A164E227E0FD4100C5A404 /* Main.storyboard */,
			);
			path = Base.lproj;
			sourceTree = "<group>";
		};
		D0A164E527E0FD4100C5A404 /* Resources */ = {
			isa = PBXGroup;
			children = (
				D0A164E627E0FD4100C5A404 /* File.txt */,
				D0A164E727E0FD4100C5A404 /* UC_AddASingleRecordThenSave.wsd */,
				D0A164E827E0FD4100C5A404 /* CoreData.wsd */,
				D0A164E927E0FD4100C5A404 /* ProductTagger.mlkitmodel */,
				D0A164EA27E0FD4100C5A404 /* Localized */,
				D0A164F027E0FD4100C5A404 /* ingredientsCosmetic.json */,
				D0A164F127E0FD4100C5A404 /* Products.json */,
			);
			path = Resources;
			sourceTree = "<group>";
		};
		D0A164EA27E0FD4100C5A404 /* Localized */ = {
			isa = PBXGroup;
			children = (
				D0A164EB27E0FD4100C5A404 /* Localized.strings */,
				D0A164ED27E0FD4100C5A404 /* Localizable.strings */,
			);
			path = Localized;
			sourceTree = "<group>";
		};
		D0A164F627E0FD4100C5A404 /* Architecture */ = {
			isa = PBXGroup;
			children = (
				D0A164F727E0FD4100C5A404 /* MVVM.wsd */,
			);
			path = Architecture;
			sourceTree = "<group>";
		};
		D0A164F827E0FD4100C5A404 /* UI */ = {
			isa = PBXGroup;
			children = (
				D0A164F927E0FD4100C5A404 /* ListIngredients */,
			);
			path = UI;
			sourceTree = "<group>";
		};
		D0A164F927E0FD4100C5A404 /* ListIngredients */ = {
			isa = PBXGroup;
			children = (
				D0A164FA27E0FD4100C5A404 /* ListIngredientsVM.swift */,
				D0A164FB27E0FD4100C5A404 /* ListIngredientsRepo.swift */,
				D0A164FC27E0FD4100C5A404 /* ListIngredientsVC.swift */,
			);
			path = ListIngredients;
			sourceTree = "<group>";
		};
		D0A164FE27E0FD4100C5A404 /* Model */ = {
			isa = PBXGroup;
			children = (
				D0A164FF27E0FD4100C5A404 /* CoreData */,
				D0A1650D27E0FD4100C5A404 /* Webservice */,
			);
			path = Model;
			sourceTree = "<group>";
		};
		D0A164FF27E0FD4100C5A404 /* CoreData */ = {
			isa = PBXGroup;
			children = (
				D0A1650027E0FD4100C5A404 /* CosmeticIngredients+CoreDataClass.swift */,
				D0A1650127E0FD4100C5A404 /* Bundle+CoreData.swift */,
				D0A1650227E0FD4100C5A404 /* CoreDataStack.swift */,
				D0A1650327E0FD4100C5A404 /* DomainModels.swift */,
				D0A1650427E0FD4100C5A404 /* NSManagedObjectContext+Extension.swift */,
				D0A1650527E0FD4100C5A404 /* ListIngredientsCD.swift */,
				D0A1650627E0FD4100C5A404 /* Array+CoreData.swift */,
				D0A1650727E0FD4100C5A404 /* JSONObject+CoreData.swift */,
				D0A1650827E0FD4100C5A404 /* URL+Extension.swift */,
				D0A1650927E0FD4100C5A404 /* Error+CoreData.swift */,
				D0A1650A27E0FD4100C5A404 /* JSONSerialization+Extension.swift */,
				D0A1650B27E0FD4100C5A404 /* CosmeticIngredients+CoreDataProperties.swift */,
				D0A1650C27E0FD4100C5A404 /* JSONEncoder+CoreData.swift */,
			);
			path = CoreData;
			sourceTree = "<group>";
		};
		D0A1650D27E0FD4100C5A404 /* Webservice */ = {
			isa = PBXGroup;
			children = (
				D0A1650E27E0FD4100C5A404 /* WebService.swift */,
			);
			path = Webservice;
			sourceTree = "<group>";
		};
		D0D495EA2801C1BB00F9A9BE /* CoreDataTest */ = {
			isa = PBXGroup;
			children = (
				D0D4961C2801D3F000F9A9BE /* Data */,
				D0D495EB2801C1BB00F9A9BE /* AppDelegate.swift */,
				D0D495ED2801C1BB00F9A9BE /* SceneDelegate.swift */,
				D0D495EF2801C1BB00F9A9BE /* ViewController.swift */,
				D0D495F12801C1BB00F9A9BE /* Main.storyboard */,
				D0D495F72801C1BE00F9A9BE /* Assets.xcassets */,
				D0D495F92801C1BE00F9A9BE /* LaunchScreen.storyboard */,
				D0D495FC2801C1BE00F9A9BE /* Info.plist */,
				D0D495F42801C1BB00F9A9BE /* CoreDataTest.xcdatamodeld */,
			);
			path = CoreDataTest;
			sourceTree = "<group>";
		};
		D0D496042801C1BE00F9A9BE /* CoreDataTestTests */ = {
			isa = PBXGroup;
			children = (
				D0D496052801C1BE00F9A9BE /* CoreDataTestTests.swift */,
			);
			path = CoreDataTestTests;
			sourceTree = "<group>";
		};
		D0D4960E2801C1BF00F9A9BE /* CoreDataTestUITests */ = {
			isa = PBXGroup;
			children = (
				D0D4960F2801C1BF00F9A9BE /* CoreDataTestUITests.swift */,
				D0D496112801C1BF00F9A9BE /* CoreDataTestUITestsLaunchTests.swift */,
			);
			path = CoreDataTestUITests;
			sourceTree = "<group>";
		};
		D0D4961C2801D3F000F9A9BE /* Data */ = {
			isa = PBXGroup;
			children = (
				D044D83E2802831F000BF747 /* Quake.swift */,
				D044D83D2802831F000BF747 /* QuakeError.swift */,
				D0D4961D2801D41700F9A9BE /* CoreDataManager.swift */,
				D0D4961F2801D42C00F9A9BE /* CoreDataService.swift */,
			);
			path = Data;
			sourceTree = "<group>";
		};
/* End PBXGroup section */

/* Begin PBXNativeTarget section */
		D0A164C427E0FCAD00C5A404 /* ML */ = {
			isa = PBXNativeTarget;
			buildConfigurationList = D0A164DC27E0FCB100C5A404 /* Build configuration list for PBXNativeTarget "ML" */;
			buildPhases = (
				D0A164C127E0FCAD00C5A404 /* Sources */,
				D0A164C227E0FCAD00C5A404 /* Frameworks */,
				D0A164C327E0FCAD00C5A404 /* Resources */,
			);
			buildRules = (
			);
			dependencies = (
			);
			name = ML;
			productName = ML;
			productReference = D0A164C527E0FCAD00C5A404 /* ML.app */;
			productType = "com.apple.product-type.application";
		};
		D0D495E82801C1BB00F9A9BE /* CoreDataTest */ = {
			isa = PBXNativeTarget;
			buildConfigurationList = D0D496192801C1BF00F9A9BE /* Build configuration list for PBXNativeTarget "CoreDataTest" */;
			buildPhases = (
				D0D495E52801C1BB00F9A9BE /* Sources */,
				D0D495E62801C1BB00F9A9BE /* Frameworks */,
				D0D495E72801C1BB00F9A9BE /* Resources */,
			);
			buildRules = (
			);
			dependencies = (
			);
			name = CoreDataTest;
			productName = CoreDataTest;
			productReference = D0D495E92801C1BB00F9A9BE /* CoreDataTest.app */;
			productType = "com.apple.product-type.application";
		};
		D0D496002801C1BE00F9A9BE /* CoreDataTestTests */ = {
			isa = PBXNativeTarget;
			buildConfigurationList = D0D4961A2801C1BF00F9A9BE /* Build configuration list for PBXNativeTarget "CoreDataTestTests" */;
			buildPhases = (
				D0D495FD2801C1BE00F9A9BE /* Sources */,
				D0D495FE2801C1BE00F9A9BE /* Frameworks */,
				D0D495FF2801C1BE00F9A9BE /* Resources */,
			);
			buildRules = (
			);
			dependencies = (
				D0D496032801C1BE00F9A9BE /* PBXTargetDependency */,
			);
			name = CoreDataTestTests;
			productName = CoreDataTestTests;
			productReference = D0D496012801C1BE00F9A9BE /* CoreDataTestTests.xctest */;
			productType = "com.apple.product-type.bundle.unit-test";
		};
		D0D4960A2801C1BE00F9A9BE /* CoreDataTestUITests */ = {
			isa = PBXNativeTarget;
			buildConfigurationList = D0D4961B2801C1BF00F9A9BE /* Build configuration list for PBXNativeTarget "CoreDataTestUITests" */;
			buildPhases = (
				D0D496072801C1BE00F9A9BE /* Sources */,
				D0D496082801C1BE00F9A9BE /* Frameworks */,
				D0D496092801C1BE00F9A9BE /* Resources */,
			);
			buildRules = (
			);
			dependencies = (
				D0D4960D2801C1BF00F9A9BE /* PBXTargetDependency */,
			);
			name = CoreDataTestUITests;
			productName = CoreDataTestUITests;
			productReference = D0D4960B2801C1BE00F9A9BE /* CoreDataTestUITests.xctest */;
			productType = "com.apple.product-type.bundle.ui-testing";
		};
/* End PBXNativeTarget section */

/* Begin PBXProject section */
		D0A164BD27E0FCAC00C5A404 /* Project object */ = {
			isa = PBXProject;
			attributes = {
				BuildIndependentTargetsInParallel = 1;
				LastSwiftUpdateCheck = 1300;
				LastUpgradeCheck = 1300;
				TargetAttributes = {
					D0A164C427E0FCAD00C5A404 = {
						CreatedOnToolsVersion = 13.0;
					};
					D0D495E82801C1BB00F9A9BE = {
						CreatedOnToolsVersion = 13.0;
					};
					D0D496002801C1BE00F9A9BE = {
						CreatedOnToolsVersion = 13.0;
						TestTargetID = D0D495E82801C1BB00F9A9BE;
					};
					D0D4960A2801C1BE00F9A9BE = {
						CreatedOnToolsVersion = 13.0;
						TestTargetID = D0D495E82801C1BB00F9A9BE;
					};
				};
			};
			buildConfigurationList = D0A164C027E0FCAC00C5A404 /* Build configuration list for PBXProject "ML" */;
			compatibilityVersion = "Xcode 13.0";
			developmentRegion = en;
			hasScannedForEncodings = 0;
			knownRegions = (
				en,
				Base,
				vi,
			);
			mainGroup = D0A164BC27E0FCAC00C5A404;
			productRefGroup = D0A164C627E0FCAD00C5A404 /* Products */;
			projectDirPath = "";
			projectRoot = "";
			targets = (
				D0A164C427E0FCAD00C5A404 /* ML */,
				D0D495E82801C1BB00F9A9BE /* CoreDataTest */,
				D0D496002801C1BE00F9A9BE /* CoreDataTestTests */,
				D0D4960A2801C1BE00F9A9BE /* CoreDataTestUITests */,
			);
		};
/* End PBXProject section */

/* Begin PBXResourcesBuildPhase section */
		D0A164C327E0FCAD00C5A404 /* Resources */ = {
			isa = PBXResourcesBuildPhase;
			buildActionMask = 2147483647;
			files = (
				D0A164D827E0FCB100C5A404 /* LaunchScreen.storyboard in Resources */,
				D0A1651027E0FD4100C5A404 /* Main.storyboard in Resources */,
				D0A1651227E0FD4100C5A404 /* File.txt in Resources */,
				D0A1651827E0FD4100C5A404 /* ingredientsCosmetic.json in Resources */,
				D0A1652027E0FD4100C5A404 /* Assets.xcassets in Resources */,
				D0A1651427E0FD4100C5A404 /* CoreData.wsd in Resources */,
				D0A1651927E0FD4100C5A404 /* Products.json in Resources */,
				D0A1650F27E0FD4100C5A404 /* LaunchScreen.storyboard in Resources */,
				D0A1651727E0FD4100C5A404 /* Localizable.strings in Resources */,
				D0A164D527E0FCB100C5A404 /* Assets.xcassets in Resources */,
				D0A1651627E0FD4100C5A404 /* Localized.strings in Resources */,
				D0A1651C27E0FD4100C5A404 /* MVVM.wsd in Resources */,
				D0A164D027E0FCAD00C5A404 /* Main.storyboard in Resources */,
				D0A1651327E0FD4100C5A404 /* UC_AddASingleRecordThenSave.wsd in Resources */,
			);
			runOnlyForDeploymentPostprocessing = 0;
		};
		D0D495E72801C1BB00F9A9BE /* Resources */ = {
			isa = PBXResourcesBuildPhase;
			buildActionMask = 2147483647;
			files = (
				D0D495FB2801C1BE00F9A9BE /* LaunchScreen.storyboard in Resources */,
				D0D495F82801C1BE00F9A9BE /* Assets.xcassets in Resources */,
				D0D495F32801C1BB00F9A9BE /* Main.storyboard in Resources */,
			);
			runOnlyForDeploymentPostprocessing = 0;
		};
		D0D495FF2801C1BE00F9A9BE /* Resources */ = {
			isa = PBXResourcesBuildPhase;
			buildActionMask = 2147483647;
			files = (
			);
			runOnlyForDeploymentPostprocessing = 0;
		};
		D0D496092801C1BE00F9A9BE /* Resources */ = {
			isa = PBXResourcesBuildPhase;
			buildActionMask = 2147483647;
			files = (
			);
			runOnlyForDeploymentPostprocessing = 0;
		};
/* End PBXResourcesBuildPhase section */

/* Begin PBXSourcesBuildPhase section */
		D0A164C127E0FCAD00C5A404 /* Sources */ = {
			isa = PBXSourcesBuildPhase;
			buildActionMask = 2147483647;
			files = (
				D0A1652627E0FD4100C5A404 /* ListIngredientsCD.swift in Sources */,
				D0A1651D27E0FD4100C5A404 /* ListIngredientsVM.swift in Sources */,
				D0A1652827E0FD4100C5A404 /* JSONObject+CoreData.swift in Sources */,
				D0A164D327E0FCAD00C5A404 /* ML.xcdatamodeld in Sources */,
				D0A1652427E0FD4100C5A404 /* DomainModels.swift in Sources */,
				D0A1652A27E0FD4100C5A404 /* Error+CoreData.swift in Sources */,
				D0A1652527E0FD4100C5A404 /* NSManagedObjectContext+Extension.swift in Sources */,
				D0A1651E27E0FD4100C5A404 /* ListIngredientsRepo.swift in Sources */,
				D0A1652227E0FD4100C5A404 /* Bundle+CoreData.swift in Sources */,
				D0A1651127E0FD4100C5A404 /* AppDelegate+CoreData.swift in Sources */,
				D0A1652B27E0FD4100C5A404 /* JSONSerialization+Extension.swift in Sources */,
				D0A1651F27E0FD4100C5A404 /* ListIngredientsVC.swift in Sources */,
				D0A1652C27E0FD4100C5A404 /* CosmeticIngredients+CoreDataProperties.swift in Sources */,
				D0A1652E27E0FD4100C5A404 /* WebService.swift in Sources */,
				D0A1652127E0FD4100C5A404 /* CosmeticIngredients+CoreDataClass.swift in Sources */,
				D0A1652327E0FD4100C5A404 /* CoreDataStack.swift in Sources */,
				D0A164CD27E0FCAD00C5A404 /* ViewController.swift in Sources */,
				D0A1652927E0FD4100C5A404 /* URL+Extension.swift in Sources */,
				D0A1651527E0FD4100C5A404 /* ProductTagger.mlkitmodel in Sources */,
				D0A1651B27E0FD4100C5A404 /* Cosmetic.xcdatamodeld in Sources */,
				D0A164C927E0FCAD00C5A404 /* AppDelegate.swift in Sources */,
				D0A1651A27E0FD4100C5A404 /* ML.xcdatamodeld in Sources */,
				D0A1652D27E0FD4100C5A404 /* JSONEncoder+CoreData.swift in Sources */,
				D0A1652727E0FD4100C5A404 /* Array+CoreData.swift in Sources */,
				D0A164CB27E0FCAD00C5A404 /* SceneDelegate.swift in Sources */,
			);
			runOnlyForDeploymentPostprocessing = 0;
		};
		D0D495E52801C1BB00F9A9BE /* Sources */ = {
			isa = PBXSourcesBuildPhase;
			buildActionMask = 2147483647;
			files = (
				D0D495F62801C1BB00F9A9BE /* CoreDataTest.xcdatamodeld in Sources */,
				D044D83F2802831F000BF747 /* QuakeError.swift in Sources */,
				D0D495F02801C1BB00F9A9BE /* ViewController.swift in Sources */,
				D0D495EC2801C1BB00F9A9BE /* AppDelegate.swift in Sources */,
				D0D4961E2801D41700F9A9BE /* CoreDataManager.swift in Sources */,
				D044D8402802831F000BF747 /* Quake.swift in Sources */,
				D0D496202801D42C00F9A9BE /* CoreDataService.swift in Sources */,
				D0D495EE2801C1BB00F9A9BE /* SceneDelegate.swift in Sources */,
			);
			runOnlyForDeploymentPostprocessing = 0;
		};
		D0D495FD2801C1BE00F9A9BE /* Sources */ = {
			isa = PBXSourcesBuildPhase;
			buildActionMask = 2147483647;
			files = (
				D0D496062801C1BE00F9A9BE /* CoreDataTestTests.swift in Sources */,
			);
			runOnlyForDeploymentPostprocessing = 0;
		};
		D0D496072801C1BE00F9A9BE /* Sources */ = {
			isa = PBXSourcesBuildPhase;
			buildActionMask = 2147483647;
			files = (
				D0D496102801C1BF00F9A9BE /* CoreDataTestUITests.swift in Sources */,
				D0D496122801C1BF00F9A9BE /* CoreDataTestUITestsLaunchTests.swift in Sources */,
			);
			runOnlyForDeploymentPostprocessing = 0;
		};
/* End PBXSourcesBuildPhase section */

/* Begin PBXTargetDependency section */
		D0D496032801C1BE00F9A9BE /* PBXTargetDependency */ = {
			isa = PBXTargetDependency;
			target = D0D495E82801C1BB00F9A9BE /* CoreDataTest */;
			targetProxy = D0D496022801C1BE00F9A9BE /* PBXContainerItemProxy */;
		};
		D0D4960D2801C1BF00F9A9BE /* PBXTargetDependency */ = {
			isa = PBXTargetDependency;
			target = D0D495E82801C1BB00F9A9BE /* CoreDataTest */;
			targetProxy = D0D4960C2801C1BF00F9A9BE /* PBXContainerItemProxy */;
		};
/* End PBXTargetDependency section */

/* Begin PBXVariantGroup section */
		D0A164CE27E0FCAD00C5A404 /* Main.storyboard */ = {
			isa = PBXVariantGroup;
			children = (
				D0A164CF27E0FCAD00C5A404 /* Base */,
			);
			name = Main.storyboard;
			sourceTree = "<group>";
		};
		D0A164D627E0FCB100C5A404 /* LaunchScreen.storyboard */ = {
			isa = PBXVariantGroup;
			children = (
				D0A164D727E0FCB100C5A404 /* Base */,
			);
			name = LaunchScreen.storyboard;
			sourceTree = "<group>";
		};
		D0A164E027E0FD4100C5A404 /* LaunchScreen.storyboard */ = {
			isa = PBXVariantGroup;
			children = (
				D0A164E127E0FD4100C5A404 /* Base */,
			);
			name = LaunchScreen.storyboard;
			sourceTree = "<group>";
		};
		D0A164E227E0FD4100C5A404 /* Main.storyboard */ = {
			isa = PBXVariantGroup;
			children = (
				D0A164E327E0FD4100C5A404 /* Base */,
			);
			name = Main.storyboard;
			sourceTree = "<group>";
		};
		D0A164EB27E0FD4100C5A404 /* Localized.strings */ = {
			isa = PBXVariantGroup;
			children = (
				D0A164EC27E0FD4100C5A404 /* en */,
			);
			name = Localized.strings;
			sourceTree = "<group>";
		};
		D0A164ED27E0FD4100C5A404 /* Localizable.strings */ = {
			isa = PBXVariantGroup;
			children = (
				D0A164EE27E0FD4100C5A404 /* en */,
				D0A164EF27E0FD4100C5A404 /* vi */,
			);
			name = Localizable.strings;
			sourceTree = "<group>";
		};
		D0D495F12801C1BB00F9A9BE /* Main.storyboard */ = {
			isa = PBXVariantGroup;
			children = (
				D0D495F22801C1BB00F9A9BE /* Base */,
			);
			name = Main.storyboard;
			sourceTree = "<group>";
		};
		D0D495F92801C1BE00F9A9BE /* LaunchScreen.storyboard */ = {
			isa = PBXVariantGroup;
			children = (
				D0D495FA2801C1BE00F9A9BE /* Base */,
			);
			name = LaunchScreen.storyboard;
			sourceTree = "<group>";
		};
/* End PBXVariantGroup section */

/* Begin XCBuildConfiguration section */
		D0A164DA27E0FCB100C5A404 /* Debug */ = {
			isa = XCBuildConfiguration;
			buildSettings = {
				ALWAYS_SEARCH_USER_PATHS = NO;
				CLANG_ANALYZER_NONNULL = YES;
				CLANG_ANALYZER_NUMBER_OBJECT_CONVERSION = YES_AGGRESSIVE;
				CLANG_CXX_LANGUAGE_STANDARD = "gnu++17";
				CLANG_CXX_LIBRARY = "libc++";
				CLANG_ENABLE_MODULES = YES;
				CLANG_ENABLE_OBJC_ARC = YES;
				CLANG_ENABLE_OBJC_WEAK = YES;
				CLANG_WARN_BLOCK_CAPTURE_AUTORELEASING = YES;
				CLANG_WARN_BOOL_CONVERSION = YES;
				CLANG_WARN_COMMA = YES;
				CLANG_WARN_CONSTANT_CONVERSION = YES;
				CLANG_WARN_DEPRECATED_OBJC_IMPLEMENTATIONS = YES;
				CLANG_WARN_DIRECT_OBJC_ISA_USAGE = YES_ERROR;
				CLANG_WARN_DOCUMENTATION_COMMENTS = YES;
				CLANG_WARN_EMPTY_BODY = YES;
				CLANG_WARN_ENUM_CONVERSION = YES;
				CLANG_WARN_INFINITE_RECURSION = YES;
				CLANG_WARN_INT_CONVERSION = YES;
				CLANG_WARN_NON_LITERAL_NULL_CONVERSION = YES;
				CLANG_WARN_OBJC_IMPLICIT_RETAIN_SELF = YES;
				CLANG_WARN_OBJC_LITERAL_CONVERSION = YES;
				CLANG_WARN_OBJC_ROOT_CLASS = YES_ERROR;
				CLANG_WARN_QUOTED_INCLUDE_IN_FRAMEWORK_HEADER = YES;
				CLANG_WARN_RANGE_LOOP_ANALYSIS = YES;
				CLANG_WARN_STRICT_PROTOTYPES = YES;
				CLANG_WARN_SUSPICIOUS_MOVE = YES;
				CLANG_WARN_UNGUARDED_AVAILABILITY = YES_AGGRESSIVE;
				CLANG_WARN_UNREACHABLE_CODE = YES;
				CLANG_WARN__DUPLICATE_METHOD_MATCH = YES;
				COPY_PHASE_STRIP = NO;
				DEBUG_INFORMATION_FORMAT = dwarf;
				ENABLE_STRICT_OBJC_MSGSEND = YES;
				ENABLE_TESTABILITY = YES;
				GCC_C_LANGUAGE_STANDARD = gnu11;
				GCC_DYNAMIC_NO_PIC = NO;
				GCC_NO_COMMON_BLOCKS = YES;
				GCC_OPTIMIZATION_LEVEL = 0;
				GCC_PREPROCESSOR_DEFINITIONS = (
					"DEBUG=1",
					"$(inherited)",
				);
				GCC_WARN_64_TO_32_BIT_CONVERSION = YES;
				GCC_WARN_ABOUT_RETURN_TYPE = YES_ERROR;
				GCC_WARN_UNDECLARED_SELECTOR = YES;
				GCC_WARN_UNINITIALIZED_AUTOS = YES_AGGRESSIVE;
				GCC_WARN_UNUSED_FUNCTION = YES;
				GCC_WARN_UNUSED_VARIABLE = YES;
				IPHONEOS_DEPLOYMENT_TARGET = 15.0;
				MTL_ENABLE_DEBUG_INFO = INCLUDE_SOURCE;
				MTL_FAST_MATH = YES;
				ONLY_ACTIVE_ARCH = YES;
				SDKROOT = iphoneos;
				SWIFT_ACTIVE_COMPILATION_CONDITIONS = DEBUG;
				SWIFT_OPTIMIZATION_LEVEL = "-Onone";
			};
			name = Debug;
		};
		D0A164DB27E0FCB100C5A404 /* Release */ = {
			isa = XCBuildConfiguration;
			buildSettings = {
				ALWAYS_SEARCH_USER_PATHS = NO;
				CLANG_ANALYZER_NONNULL = YES;
				CLANG_ANALYZER_NUMBER_OBJECT_CONVERSION = YES_AGGRESSIVE;
				CLANG_CXX_LANGUAGE_STANDARD = "gnu++17";
				CLANG_CXX_LIBRARY = "libc++";
				CLANG_ENABLE_MODULES = YES;
				CLANG_ENABLE_OBJC_ARC = YES;
				CLANG_ENABLE_OBJC_WEAK = YES;
				CLANG_WARN_BLOCK_CAPTURE_AUTORELEASING = YES;
				CLANG_WARN_BOOL_CONVERSION = YES;
				CLANG_WARN_COMMA = YES;
				CLANG_WARN_CONSTANT_CONVERSION = YES;
				CLANG_WARN_DEPRECATED_OBJC_IMPLEMENTATIONS = YES;
				CLANG_WARN_DIRECT_OBJC_ISA_USAGE = YES_ERROR;
				CLANG_WARN_DOCUMENTATION_COMMENTS = YES;
				CLANG_WARN_EMPTY_BODY = YES;
				CLANG_WARN_ENUM_CONVERSION = YES;
				CLANG_WARN_INFINITE_RECURSION = YES;
				CLANG_WARN_INT_CONVERSION = YES;
				CLANG_WARN_NON_LITERAL_NULL_CONVERSION = YES;
				CLANG_WARN_OBJC_IMPLICIT_RETAIN_SELF = YES;
				CLANG_WARN_OBJC_LITERAL_CONVERSION = YES;
				CLANG_WARN_OBJC_ROOT_CLASS = YES_ERROR;
				CLANG_WARN_QUOTED_INCLUDE_IN_FRAMEWORK_HEADER = YES;
				CLANG_WARN_RANGE_LOOP_ANALYSIS = YES;
				CLANG_WARN_STRICT_PROTOTYPES = YES;
				CLANG_WARN_SUSPICIOUS_MOVE = YES;
				CLANG_WARN_UNGUARDED_AVAILABILITY = YES_AGGRESSIVE;
				CLANG_WARN_UNREACHABLE_CODE = YES;
				CLANG_WARN__DUPLICATE_METHOD_MATCH = YES;
				COPY_PHASE_STRIP = NO;
				DEBUG_INFORMATION_FORMAT = "dwarf-with-dsym";
				ENABLE_NS_ASSERTIONS = NO;
				ENABLE_STRICT_OBJC_MSGSEND = YES;
				GCC_C_LANGUAGE_STANDARD = gnu11;
				GCC_NO_COMMON_BLOCKS = YES;
				GCC_WARN_64_TO_32_BIT_CONVERSION = YES;
				GCC_WARN_ABOUT_RETURN_TYPE = YES_ERROR;
				GCC_WARN_UNDECLARED_SELECTOR = YES;
				GCC_WARN_UNINITIALIZED_AUTOS = YES_AGGRESSIVE;
				GCC_WARN_UNUSED_FUNCTION = YES;
				GCC_WARN_UNUSED_VARIABLE = YES;
				IPHONEOS_DEPLOYMENT_TARGET = 15.0;
				MTL_ENABLE_DEBUG_INFO = NO;
				MTL_FAST_MATH = YES;
				SDKROOT = iphoneos;
				SWIFT_COMPILATION_MODE = wholemodule;
				SWIFT_OPTIMIZATION_LEVEL = "-O";
				VALIDATE_PRODUCT = YES;
			};
			name = Release;
		};
		D0A164DD27E0FCB100C5A404 /* Debug */ = {
			isa = XCBuildConfiguration;
			buildSettings = {
				ASSETCATALOG_COMPILER_APPICON_NAME = AppIcon;
				ASSETCATALOG_COMPILER_GLOBAL_ACCENT_COLOR_NAME = AccentColor;
				CODE_SIGN_STYLE = Automatic;
				CURRENT_PROJECT_VERSION = 1;
				DEVELOPMENT_TEAM = J3Q6NXR57K;
				GENERATE_INFOPLIST_FILE = YES;
				INFOPLIST_FILE = ML/Info.plist;
				INFOPLIST_KEY_UIApplicationSupportsIndirectInputEvents = YES;
				INFOPLIST_KEY_UILaunchStoryboardName = LaunchScreen;
				INFOPLIST_KEY_UIMainStoryboardFile = Main;
				INFOPLIST_KEY_UISupportedInterfaceOrientations_iPad = "UIInterfaceOrientationPortrait UIInterfaceOrientationPortraitUpsideDown UIInterfaceOrientationLandscapeLeft UIInterfaceOrientationLandscapeRight";
				INFOPLIST_KEY_UISupportedInterfaceOrientations_iPhone = "UIInterfaceOrientationPortrait UIInterfaceOrientationLandscapeLeft UIInterfaceOrientationLandscapeRight";
				LD_RUNPATH_SEARCH_PATHS = (
					"$(inherited)",
					"@executable_path/Frameworks",
				);
				MARKETING_VERSION = 1.0;
				PRODUCT_BUNDLE_IDENTIFIER = thond.ML;
				PRODUCT_NAME = "$(TARGET_NAME)";
				SWIFT_EMIT_LOC_STRINGS = YES;
				SWIFT_VERSION = 5.0;
				TARGETED_DEVICE_FAMILY = "1,2";
			};
			name = Debug;
		};
		D0A164DE27E0FCB100C5A404 /* Release */ = {
			isa = XCBuildConfiguration;
			buildSettings = {
				ASSETCATALOG_COMPILER_APPICON_NAME = AppIcon;
				ASSETCATALOG_COMPILER_GLOBAL_ACCENT_COLOR_NAME = AccentColor;
				CODE_SIGN_STYLE = Automatic;
				CURRENT_PROJECT_VERSION = 1;
				DEVELOPMENT_TEAM = J3Q6NXR57K;
				GENERATE_INFOPLIST_FILE = YES;
				INFOPLIST_FILE = ML/Info.plist;
				INFOPLIST_KEY_UIApplicationSupportsIndirectInputEvents = YES;
				INFOPLIST_KEY_UILaunchStoryboardName = LaunchScreen;
				INFOPLIST_KEY_UIMainStoryboardFile = Main;
				INFOPLIST_KEY_UISupportedInterfaceOrientations_iPad = "UIInterfaceOrientationPortrait UIInterfaceOrientationPortraitUpsideDown UIInterfaceOrientationLandscapeLeft UIInterfaceOrientationLandscapeRight";
				INFOPLIST_KEY_UISupportedInterfaceOrientations_iPhone = "UIInterfaceOrientationPortrait UIInterfaceOrientationLandscapeLeft UIInterfaceOrientationLandscapeRight";
				LD_RUNPATH_SEARCH_PATHS = (
					"$(inherited)",
					"@executable_path/Frameworks",
				);
				MARKETING_VERSION = 1.0;
				PRODUCT_BUNDLE_IDENTIFIER = thond.ML;
				PRODUCT_NAME = "$(TARGET_NAME)";
				SWIFT_EMIT_LOC_STRINGS = YES;
				SWIFT_VERSION = 5.0;
				TARGETED_DEVICE_FAMILY = "1,2";
			};
			name = Release;
		};
		D0D496132801C1BF00F9A9BE /* Debug */ = {
			isa = XCBuildConfiguration;
			buildSettings = {
				ASSETCATALOG_COMPILER_APPICON_NAME = AppIcon;
				ASSETCATALOG_COMPILER_GLOBAL_ACCENT_COLOR_NAME = AccentColor;
				CODE_SIGN_STYLE = Automatic;
				CURRENT_PROJECT_VERSION = 1;
				DEVELOPMENT_TEAM = J3Q6NXR57K;
				GENERATE_INFOPLIST_FILE = YES;
				INFOPLIST_FILE = CoreDataTest/Info.plist;
				INFOPLIST_KEY_UIApplicationSupportsIndirectInputEvents = YES;
				INFOPLIST_KEY_UILaunchStoryboardName = LaunchScreen;
				INFOPLIST_KEY_UIMainStoryboardFile = Main;
				INFOPLIST_KEY_UISupportedInterfaceOrientations_iPad = "UIInterfaceOrientationPortrait UIInterfaceOrientationPortraitUpsideDown UIInterfaceOrientationLandscapeLeft UIInterfaceOrientationLandscapeRight";
				INFOPLIST_KEY_UISupportedInterfaceOrientations_iPhone = "UIInterfaceOrientationPortrait UIInterfaceOrientationLandscapeLeft UIInterfaceOrientationLandscapeRight";
				LD_RUNPATH_SEARCH_PATHS = (
					"$(inherited)",
					"@executable_path/Frameworks",
				);
				MARKETING_VERSION = 1.0;
				PRODUCT_BUNDLE_IDENTIFIER = thond.CoreDataTest;
				PRODUCT_NAME = "$(TARGET_NAME)";
				SWIFT_EMIT_LOC_STRINGS = YES;
				SWIFT_VERSION = 5.0;
				TARGETED_DEVICE_FAMILY = "1,2";
			};
			name = Debug;
		};
		D0D496142801C1BF00F9A9BE /* Release */ = {
			isa = XCBuildConfiguration;
			buildSettings = {
				ASSETCATALOG_COMPILER_APPICON_NAME = AppIcon;
				ASSETCATALOG_COMPILER_GLOBAL_ACCENT_COLOR_NAME = AccentColor;
				CODE_SIGN_STYLE = Automatic;
				CURRENT_PROJECT_VERSION = 1;
				DEVELOPMENT_TEAM = J3Q6NXR57K;
				GENERATE_INFOPLIST_FILE = YES;
				INFOPLIST_FILE = CoreDataTest/Info.plist;
				INFOPLIST_KEY_UIApplicationSupportsIndirectInputEvents = YES;
				INFOPLIST_KEY_UILaunchStoryboardName = LaunchScreen;
				INFOPLIST_KEY_UIMainStoryboardFile = Main;
				INFOPLIST_KEY_UISupportedInterfaceOrientations_iPad = "UIInterfaceOrientationPortrait UIInterfaceOrientationPortraitUpsideDown UIInterfaceOrientationLandscapeLeft UIInterfaceOrientationLandscapeRight";
				INFOPLIST_KEY_UISupportedInterfaceOrientations_iPhone = "UIInterfaceOrientationPortrait UIInterfaceOrientationLandscapeLeft UIInterfaceOrientationLandscapeRight";
				LD_RUNPATH_SEARCH_PATHS = (
					"$(inherited)",
					"@executable_path/Frameworks",
				);
				MARKETING_VERSION = 1.0;
				PRODUCT_BUNDLE_IDENTIFIER = thond.CoreDataTest;
				PRODUCT_NAME = "$(TARGET_NAME)";
				SWIFT_EMIT_LOC_STRINGS = YES;
				SWIFT_VERSION = 5.0;
				TARGETED_DEVICE_FAMILY = "1,2";
			};
			name = Release;
		};
		D0D496152801C1BF00F9A9BE /* Debug */ = {
			isa = XCBuildConfiguration;
			buildSettings = {
				ALWAYS_EMBED_SWIFT_STANDARD_LIBRARIES = YES;
				BUNDLE_LOADER = "$(TEST_HOST)";
				CODE_SIGN_STYLE = Automatic;
				CURRENT_PROJECT_VERSION = 1;
				DEVELOPMENT_TEAM = J3Q6NXR57K;
				GENERATE_INFOPLIST_FILE = YES;
				IPHONEOS_DEPLOYMENT_TARGET = 15.0;
				LD_RUNPATH_SEARCH_PATHS = (
					"$(inherited)",
					"@executable_path/Frameworks",
					"@loader_path/Frameworks",
				);
				MARKETING_VERSION = 1.0;
				PRODUCT_BUNDLE_IDENTIFIER = thond.CoreDataTestTests;
				PRODUCT_NAME = "$(TARGET_NAME)";
				SWIFT_EMIT_LOC_STRINGS = NO;
				SWIFT_VERSION = 5.0;
				TARGETED_DEVICE_FAMILY = "1,2";
				TEST_HOST = "$(BUILT_PRODUCTS_DIR)/CoreDataTest.app/CoreDataTest";
			};
			name = Debug;
		};
		D0D496162801C1BF00F9A9BE /* Release */ = {
			isa = XCBuildConfiguration;
			buildSettings = {
				ALWAYS_EMBED_SWIFT_STANDARD_LIBRARIES = YES;
				BUNDLE_LOADER = "$(TEST_HOST)";
				CODE_SIGN_STYLE = Automatic;
				CURRENT_PROJECT_VERSION = 1;
				DEVELOPMENT_TEAM = J3Q6NXR57K;
				GENERATE_INFOPLIST_FILE = YES;
				IPHONEOS_DEPLOYMENT_TARGET = 15.0;
				LD_RUNPATH_SEARCH_PATHS = (
					"$(inherited)",
					"@executable_path/Frameworks",
					"@loader_path/Frameworks",
				);
				MARKETING_VERSION = 1.0;
				PRODUCT_BUNDLE_IDENTIFIER = thond.CoreDataTestTests;
				PRODUCT_NAME = "$(TARGET_NAME)";
				SWIFT_EMIT_LOC_STRINGS = NO;
				SWIFT_VERSION = 5.0;
				TARGETED_DEVICE_FAMILY = "1,2";
				TEST_HOST = "$(BUILT_PRODUCTS_DIR)/CoreDataTest.app/CoreDataTest";
			};
			name = Release;
		};
		D0D496172801C1BF00F9A9BE /* Debug */ = {
			isa = XCBuildConfiguration;
			buildSettings = {
				ALWAYS_EMBED_SWIFT_STANDARD_LIBRARIES = YES;
				CODE_SIGN_STYLE = Automatic;
				CURRENT_PROJECT_VERSION = 1;
				DEVELOPMENT_TEAM = J3Q6NXR57K;
				GENERATE_INFOPLIST_FILE = YES;
				LD_RUNPATH_SEARCH_PATHS = (
					"$(inherited)",
					"@executable_path/Frameworks",
					"@loader_path/Frameworks",
				);
				MARKETING_VERSION = 1.0;
				PRODUCT_BUNDLE_IDENTIFIER = thond.CoreDataTestUITests;
				PRODUCT_NAME = "$(TARGET_NAME)";
				SWIFT_EMIT_LOC_STRINGS = NO;
				SWIFT_VERSION = 5.0;
				TARGETED_DEVICE_FAMILY = "1,2";
				TEST_TARGET_NAME = CoreDataTest;
			};
			name = Debug;
		};
		D0D496182801C1BF00F9A9BE /* Release */ = {
			isa = XCBuildConfiguration;
			buildSettings = {
				ALWAYS_EMBED_SWIFT_STANDARD_LIBRARIES = YES;
				CODE_SIGN_STYLE = Automatic;
				CURRENT_PROJECT_VERSION = 1;
				DEVELOPMENT_TEAM = J3Q6NXR57K;
				GENERATE_INFOPLIST_FILE = YES;
				LD_RUNPATH_SEARCH_PATHS = (
					"$(inherited)",
					"@executable_path/Frameworks",
					"@loader_path/Frameworks",
				);
				MARKETING_VERSION = 1.0;
				PRODUCT_BUNDLE_IDENTIFIER = thond.CoreDataTestUITests;
				PRODUCT_NAME = "$(TARGET_NAME)";
				SWIFT_EMIT_LOC_STRINGS = NO;
				SWIFT_VERSION = 5.0;
				TARGETED_DEVICE_FAMILY = "1,2";
				TEST_TARGET_NAME = CoreDataTest;
			};
			name = Release;
		};
/* End XCBuildConfiguration section */

/* Begin XCConfigurationList section */
		D0A164C027E0FCAC00C5A404 /* Build configuration list for PBXProject "ML" */ = {
			isa = XCConfigurationList;
			buildConfigurations = (
				D0A164DA27E0FCB100C5A404 /* Debug */,
				D0A164DB27E0FCB100C5A404 /* Release */,
			);
			defaultConfigurationIsVisible = 0;
			defaultConfigurationName = Release;
		};
		D0A164DC27E0FCB100C5A404 /* Build configuration list for PBXNativeTarget "ML" */ = {
			isa = XCConfigurationList;
			buildConfigurations = (
				D0A164DD27E0FCB100C5A404 /* Debug */,
				D0A164DE27E0FCB100C5A404 /* Release */,
			);
			defaultConfigurationIsVisible = 0;
			defaultConfigurationName = Release;
		};
		D0D496192801C1BF00F9A9BE /* Build configuration list for PBXNativeTarget "CoreDataTest" */ = {
			isa = XCConfigurationList;
			buildConfigurations = (
				D0D496132801C1BF00F9A9BE /* Debug */,
				D0D496142801C1BF00F9A9BE /* Release */,
			);
			defaultConfigurationIsVisible = 0;
			defaultConfigurationName = Release;
		};
		D0D4961A2801C1BF00F9A9BE /* Build configuration list for PBXNativeTarget "CoreDataTestTests" */ = {
			isa = XCConfigurationList;
			buildConfigurations = (
				D0D496152801C1BF00F9A9BE /* Debug */,
				D0D496162801C1BF00F9A9BE /* Release */,
			);
			defaultConfigurationIsVisible = 0;
			defaultConfigurationName = Release;
		};
		D0D4961B2801C1BF00F9A9BE /* Build configuration list for PBXNativeTarget "CoreDataTestUITests" */ = {
			isa = XCConfigurationList;
			buildConfigurations = (
				D0D496172801C1BF00F9A9BE /* Debug */,
				D0D496182801C1BF00F9A9BE /* Release */,
			);
			defaultConfigurationIsVisible = 0;
			defaultConfigurationName = Release;
		};
/* End XCConfigurationList section */

/* Begin XCVersionGroup section */
		D0A164D127E0FCAD00C5A404 /* ML.xcdatamodeld */ = {
			isa = XCVersionGroup;
			children = (
				D0A164D227E0FCAD00C5A404 /* ML.xcdatamodel */,
			);
			currentVersion = D0A164D227E0FCAD00C5A404 /* ML.xcdatamodel */;
			path = ML.xcdatamodeld;
			sourceTree = "<group>";
			versionGroupType = wrapper.xcdatamodel;
		};
		D0A164F227E0FD4100C5A404 /* ML.xcdatamodeld */ = {
			isa = XCVersionGroup;
			children = (
				D0A164F327E0FD4100C5A404 /* ML.xcdatamodel */,
			);
			currentVersion = D0A164F327E0FD4100C5A404 /* ML.xcdatamodel */;
			path = ML.xcdatamodeld;
			sourceTree = "<group>";
			versionGroupType = wrapper.xcdatamodel;
		};
		D0A164F427E0FD4100C5A404 /* Cosmetic.xcdatamodeld */ = {
			isa = XCVersionGroup;
			children = (
				D0A164F527E0FD4100C5A404 /* Cosmetic.xcdatamodel */,
			);
			currentVersion = D0A164F527E0FD4100C5A404 /* Cosmetic.xcdatamodel */;
			path = Cosmetic.xcdatamodeld;
			sourceTree = "<group>";
			versionGroupType = wrapper.xcdatamodel;
		};
		D0D495F42801C1BB00F9A9BE /* CoreDataTest.xcdatamodeld */ = {
			isa = XCVersionGroup;
			children = (
				D0D495F52801C1BB00F9A9BE /* CoreDataTest.xcdatamodel */,
			);
			currentVersion = D0D495F52801C1BB00F9A9BE /* CoreDataTest.xcdatamodel */;
			path = CoreDataTest.xcdatamodeld;
			sourceTree = "<group>";
			versionGroupType = wrapper.xcdatamodel;
		};
/* End XCVersionGroup section */
	};
	rootObject = D0A164BD27E0FCAC00C5A404 /* Project object */;
}
